
Microsoft Visual Studio Solution File, Format Version 12.00
# Visual Studio Version 16
VisualStudioVersion = 16.0.29509.3
MinimumVisualStudioVersion = 10.0.40219.1
Project("{FAE04EC0-301F-11D3-BF4B-00C04F79EFBC}") = "MVC 5 LINQ Demo", "MVC 5 LINQ Demo\MVC 5 LINQ Demo.csproj", "{27C4F78C-FB3E-48CA-A169-13AE933BFC9D}"
EndProject
Global
	GlobalSection(SolutionConfigurationPlatforms) = preSolution
		Debug|Any CPU = Debug|Any CPU
		Release|Any CPU = Release|Any CPU
	EndGlobalSection
	GlobalSection(ProjectConfigurationPlatforms) = postSolution
		{27C4F78C-FB3E-48CA-A169-13AE933BFC9D}.Debug|Any CPU.ActiveCfg = Debug|Any CPU
		{27C4F78C-FB3E-48CA-A169-13AE933BFC9D}.Debug|Any CPU.Build.0 = Debug|Any CPU
		{27C4F78C-FB3E-48CA-A169-13AE933BFC9D}.Release|Any CPU.ActiveCfg = Release|Any CPU
		{27C4F78C-FB3E-48CA-A169-13AE933BFC9D}.Release|Any CPU.Build.0 = Release|Any CPU
	EndGlobalSection
	GlobalSection(SolutionProperties) = preSolution
		HideSolutionNode = FALSE
	EndGlobalSection
	GlobalSection(ExtensibilityGlobals) = postSolution
		SolutionGuid = {E69A0001-A87E-4F71-8393-3BA842C99680}
	EndGlobalSection
EndGlobal
